// !$*UTF8*$!
{
	archiveVersion = 1;
	classes = {
	};
	objectVersion = 46;
	objects = {

/* Begin PBXBuildFile section */
		F59A279A192D8429005304CE /* Foundation.framework in Frameworks */ = {isa = PBXBuildFile; fileRef = F59A2799192D8429005304CE /* Foundation.framework */; };
		F59A279C192D8429005304CE /* CoreGraphics.framework in Frameworks */ = {isa = PBXBuildFile; fileRef = F59A279B192D8429005304CE /* CoreGraphics.framework */; };
		F59A279E192D8429005304CE /* UIKit.framework in Frameworks */ = {isa = PBXBuildFile; fileRef = F59A279D192D8429005304CE /* UIKit.framework */; };
		F59A27A4192D8429005304CE /* InfoPlist.strings in Resources */ = {isa = PBXBuildFile; fileRef = F59A27A2192D8429005304CE /* InfoPlist.strings */; };
		F59A27A6192D8429005304CE /* main.m in Sources */ = {isa = PBXBuildFile; fileRef = F59A27A5192D8429005304CE /* main.m */; };
		F59A27AA192D8429005304CE /* JDSAppDelegate.m in Sources */ = {isa = PBXBuildFile; fileRef = F59A27A9192D8429005304CE /* JDSAppDelegate.m */; };
		F59A27AC192D8429005304CE /* Images.xcassets in Resources */ = {isa = PBXBuildFile; fileRef = F59A27AB192D8429005304CE /* Images.xcassets */; };
		F59A27B3192D8429005304CE /* XCTest.framework in Frameworks */ = {isa = PBXBuildFile; fileRef = F59A27B2192D8429005304CE /* XCTest.framework */; };
		F59A27B4192D8429005304CE /* Foundation.framework in Frameworks */ = {isa = PBXBuildFile; fileRef = F59A2799192D8429005304CE /* Foundation.framework */; };
		F59A27B5192D8429005304CE /* UIKit.framework in Frameworks */ = {isa = PBXBuildFile; fileRef = F59A279D192D8429005304CE /* UIKit.framework */; };
		F59A27BD192D8429005304CE /* InfoPlist.strings in Resources */ = {isa = PBXBuildFile; fileRef = F59A27BB192D8429005304CE /* InfoPlist.strings */; };
		F59A27BF192D8429005304CE /* ScoreKeeperTests.m in Sources */ = {isa = PBXBuildFile; fileRef = F59A27BE192D8429005304CE /* ScoreKeeperTests.m */; };
		F59A27CA192D8458005304CE /* JDSSubClassViewController.m in Sources */ = {isa = PBXBuildFile; fileRef = F59A27C9192D8458005304CE /* JDSSubClassViewController.m */; };
/* End PBXBuildFile section */

/* Begin PBXContainerItemProxy section */
		F59A27B6192D8429005304CE /* PBXContainerItemProxy */ = {
			isa = PBXContainerItemProxy;
			containerPortal = F59A278E192D8429005304CE /* Project object */;
			proxyType = 1;
			remoteGlobalIDString = F59A2795192D8429005304CE;
			remoteInfo = ScoreKeeper;
		};
/* End PBXContainerItemProxy section */

/* Begin PBXFileReference section */
		F59A2796192D8429005304CE /* ScoreKeeper.app */ = {isa = PBXFileReference; explicitFileType = wrapper.application; includeInIndex = 0; path = ScoreKeeper.app; sourceTree = BUILT_PRODUCTS_DIR; };
		F59A2799192D8429005304CE /* Foundation.framework */ = {isa = PBXFileReference; lastKnownFileType = wrapper.framework; name = Foundation.framework; path = System/Library/Frameworks/Foundation.framework; sourceTree = SDKROOT; };
		F59A279B192D8429005304CE /* CoreGraphics.framework */ = {isa = PBXFileReference; lastKnownFileType = wrapper.framework; name = CoreGraphics.framework; path = System/Library/Frameworks/CoreGraphics.framework; sourceTree = SDKROOT; };
		F59A279D192D8429005304CE /* UIKit.framework */ = {isa = PBXFileReference; lastKnownFileType = wrapper.framework; name = UIKit.framework; path = System/Library/Frameworks/UIKit.framework; sourceTree = SDKROOT; };
		F59A27A1192D8429005304CE /* ScoreKeeper-Info.plist */ = {isa = PBXFileReference; lastKnownFileType = text.plist.xml; path = "ScoreKeeper-Info.plist"; sourceTree = "<group>"; };
		F59A27A3192D8429005304CE /* en */ = {isa = PBXFileReference; lastKnownFileType = text.plist.strings; name = en; path = en.lproj/InfoPlist.strings; sourceTree = "<group>"; };
		F59A27A5192D8429005304CE /* main.m */ = {isa = PBXFileReference; lastKnownFileType = sourcecode.c.objc; path = main.m; sourceTree = "<group>"; };
		F59A27A7192D8429005304CE /* ScoreKeeper-Prefix.pch */ = {isa = PBXFileReference; lastKnownFileType = sourcecode.c.h; path = "ScoreKeeper-Prefix.pch"; sourceTree = "<group>"; };
		F59A27A8192D8429005304CE /* JDSAppDelegate.h */ = {isa = PBXFileReference; lastKnownFileType = sourcecode.c.h; path = JDSAppDelegate.h; sourceTree = "<group>"; };
		F59A27A9192D8429005304CE /* JDSAppDelegate.m */ = {isa = PBXFileReference; lastKnownFileType = sourcecode.c.objc; path = JDSAppDelegate.m; sourceTree = "<group>"; };
		F59A27AB192D8429005304CE /* Images.xcassets */ = {isa = PBXFileReference; lastKnownFileType = folder.assetcatalog; path = Images.xcassets; sourceTree = "<group>"; };
		F59A27B1192D8429005304CE /* ScoreKeeperTests.xctest */ = {isa = PBXFileReference; explicitFileType = wrapper.cfbundle; includeInIndex = 0; path = ScoreKeeperTests.xctest; sourceTree = BUILT_PRODUCTS_DIR; };
		F59A27B2192D8429005304CE /* XCTest.framework */ = {isa = PBXFileReference; lastKnownFileType = wrapper.framework; name = XCTest.framework; path = Library/Frameworks/XCTest.framework; sourceTree = DEVELOPER_DIR; };
		F59A27BA192D8429005304CE /* ScoreKeeperTests-Info.plist */ = {isa = PBXFileReference; lastKnownFileType = text.plist.xml; path = "ScoreKeeperTests-Info.plist"; sourceTree = "<group>"; };
		F59A27BC192D8429005304CE /* en */ = {isa = PBXFileReference; lastKnownFileType = text.plist.strings; name = en; path = en.lproj/InfoPlist.strings; sourceTree = "<group>"; };
		F59A27BE192D8429005304CE /* ScoreKeeperTests.m */ = {isa = PBXFileReference; lastKnownFileType = sourcecode.c.objc; path = ScoreKeeperTests.m; sourceTree = "<group>"; };
		F59A27C8192D8458005304CE /* JDSSubClassViewController.h */ = {isa = PBXFileReference; fileEncoding = 4; lastKnownFileType = sourcecode.c.h; path = JDSSubClassViewController.h; sourceTree = "<group>"; };
		F59A27C9192D8458005304CE /* JDSSubClassViewController.m */ = {isa = PBXFileReference; fileEncoding = 4; lastKnownFileType = sourcecode.c.objc; path = JDSSubClassViewController.m; sourceTree = "<group>"; };
/* End PBXFileReference section */

/* Begin PBXFrameworksBuildPhase section */
		F59A2793192D8429005304CE /* Frameworks */ = {
			isa = PBXFrameworksBuildPhase;
			buildActionMask = 2147483647;
			files = (
				F59A279C192D8429005304CE /* CoreGraphics.framework in Frameworks */,
				F59A279E192D8429005304CE /* UIKit.framework in Frameworks */,
				F59A279A192D8429005304CE /* Foundation.framework in Frameworks */,
			);
			runOnlyForDeploymentPostprocessing = 0;
		};
		F59A27AE192D8429005304CE /* Frameworks */ = {
			isa = PBXFrameworksBuildPhase;
			buildActionMask = 2147483647;
			files = (
				F59A27B3192D8429005304CE /* XCTest.framework in Frameworks */,
				F59A27B5192D8429005304CE /* UIKit.framework in Frameworks */,
				F59A27B4192D8429005304CE /* Foundation.framework in Frameworks */,
			);
			runOnlyForDeploymentPostprocessing = 0;
		};
/* End PBXFrameworksBuildPhase section */

/* Begin PBXGroup section */
		F59A278D192D8429005304CE = {
			isa = PBXGroup;
			children = (
				F59A27C8192D8458005304CE /* JDSSubClassViewController.h */,
				F59A27C9192D8458005304CE /* JDSSubClassViewController.m */,
				F59A279F192D8429005304CE /* ScoreKeeper */,
				F59A27B8192D8429005304CE /* ScoreKeeperTests */,
				F59A2798192D8429005304CE /* Frameworks */,
				F59A2797192D8429005304CE /* Products */,
			);
			sourceTree = "<group>";
		};
		F59A2797192D8429005304CE /* Products */ = {
			isa = PBXGroup;
			children = (
				F59A2796192D8429005304CE /* ScoreKeeper.app */,
				F59A27B1192D8429005304CE /* ScoreKeeperTests.xctest */,
			);
			name = Products;
			sourceTree = "<group>";
		};
		F59A2798192D8429005304CE /* Frameworks */ = {
			isa = PBXGroup;
			children = (
				F59A2799192D8429005304CE /* Foundation.framework */,
				F59A279B192D8429005304CE /* CoreGraphics.framework */,
				F59A279D192D8429005304CE /* UIKit.framework */,
				F59A27B2192D8429005304CE /* XCTest.framework */,
			);
			name = Frameworks;
			sourceTree = "<group>";
		};
		F59A279F192D8429005304CE /* ScoreKeeper */ = {
			isa = PBXGroup;
			children = (
				F59A27A8192D8429005304CE /* JDSAppDelegate.h */,
				F59A27A9192D8429005304CE /* JDSAppDelegate.m */,
				F59A27AB192D8429005304CE /* Images.xcassets */,
				F59A27A0192D8429005304CE /* Supporting Files */,
			);
			path = ScoreKeeper;
			sourceTree = "<group>";
		};
		F59A27A0192D8429005304CE /* Supporting Files */ = {
			isa = PBXGroup;
			children = (
				F59A27A1192D8429005304CE /* ScoreKeeper-Info.plist */,
				F59A27A2192D8429005304CE /* InfoPlist.strings */,
				F59A27A5192D8429005304CE /* main.m */,
				F59A27A7192D8429005304CE /* ScoreKeeper-Prefix.pch */,
			);
			name = "Supporting Files";
			sourceTree = "<group>";
		};
		F59A27B8192D8429005304CE /* ScoreKeeperTests */ = {
			isa = PBXGroup;
			children = (
				F59A27BE192D8429005304CE /* ScoreKeeperTests.m */,
				F59A27B9192D8429005304CE /* Supporting Files */,
			);
			path = ScoreKeeperTests;
			sourceTree = "<group>";
		};
		F59A27B9192D8429005304CE /* Supporting Files */ = {
			isa = PBXGroup;
			children = (
				F59A27BA192D8429005304CE /* ScoreKeeperTests-Info.plist */,
				F59A27BB192D8429005304CE /* InfoPlist.strings */,
			);
			name = "Supporting Files";
			sourceTree = "<group>";
		};
/* End PBXGroup section */

/* Begin PBXNativeTarget section */
		F59A2795192D8429005304CE /* ScoreKeeper */ = {
			isa = PBXNativeTarget;
			buildConfigurationList = F59A27C2192D8429005304CE /* Build configuration list for PBXNativeTarget "ScoreKeeper" */;
			buildPhases = (
				F59A2792192D8429005304CE /* Sources */,
				F59A2793192D8429005304CE /* Frameworks */,
				F59A2794192D8429005304CE /* Resources */,
			);
			buildRules = (
			);
			dependencies = (
			);
			name = ScoreKeeper;
			productName = ScoreKeeper;
			productReference = F59A2796192D8429005304CE /* ScoreKeeper.app */;
			productType = "com.apple.product-type.application";
		};
		F59A27B0192D8429005304CE /* ScoreKeeperTests */ = {
			isa = PBXNativeTarget;
			buildConfigurationList = F59A27C5192D8429005304CE /* Build configuration list for PBXNativeTarget "ScoreKeeperTests" */;
			buildPhases = (
				F59A27AD192D8429005304CE /* Sources */,
				F59A27AE192D8429005304CE /* Frameworks */,
				F59A27AF192D8429005304CE /* Resources */,
			);
			buildRules = (
			);
			dependencies = (
				F59A27B7192D8429005304CE /* PBXTargetDependency */,
			);
			name = ScoreKeeperTests;
			productName = ScoreKeeperTests;
			productReference = F59A27B1192D8429005304CE /* ScoreKeeperTests.xctest */;
			productType = "com.apple.product-type.bundle.unit-test";
		};
/* End PBXNativeTarget section */

/* Begin PBXProject section */
		F59A278E192D8429005304CE /* Project object */ = {
			isa = PBXProject;
			attributes = {
				CLASSPREFIX = JDS;
				LastUpgradeCheck = 0510;
				ORGANIZATIONNAME = d;
				TargetAttributes = {
					F59A27B0192D8429005304CE = {
						TestTargetID = F59A2795192D8429005304CE;
					};
				};
			};
			buildConfigurationList = F59A2791192D8429005304CE /* Build configuration list for PBXProject "ScoreKeeper" */;
			compatibilityVersion = "Xcode 3.2";
			developmentRegion = English;
			hasScannedForEncodings = 0;
			knownRegions = (
				en,
			);
			mainGroup = F59A278D192D8429005304CE;
			productRefGroup = F59A2797192D8429005304CE /* Products */;
			projectDirPath = "";
			projectRoot = "";
			targets = (
				F59A2795192D8429005304CE /* ScoreKeeper */,
				F59A27B0192D8429005304CE /* ScoreKeeperTests */,
			);
		};
/* End PBXProject section */

/* Begin PBXResourcesBuildPhase section */
		F59A2794192D8429005304CE /* Resources */ = {
			isa = PBXResourcesBuildPhase;
			buildActionMask = 2147483647;
			files = (
				F59A27A4192D8429005304CE /* InfoPlist.strings in Resources */,
				F59A27AC192D8429005304CE /* Images.xcassets in Resources */,
			);
			runOnlyForDeploymentPostprocessing = 0;
		};
		F59A27AF192D8429005304CE /* Resources */ = {
			isa = PBXResourcesBuildPhase;
			buildActionMask = 2147483647;
			files = (
				F59A27BD192D8429005304CE /* InfoPlist.strings in Resources */,
			);
			runOnlyForDeploymentPostprocessing = 0;
		};
/* End PBXResourcesBuildPhase section */

/* Begin PBXSourcesBuildPhase section */
		F59A2792192D8429005304CE /* Sources */ = {
			isa = PBXSourcesBuildPhase;
			buildActionMask = 2147483647;
			files = (
				F59A27AA192D8429005304CE /* JDSAppDelegate.m in Sources */,
				F59A27CA192D8458005304CE /* JDSSubClassViewController.m in Sources */,
				F59A27A6192D8429005304CE /* main.m in Sources */,
			);
			runOnlyForDeploymentPostprocessing = 0;
		};
		F59A27AD192D8429005304CE /* Sources */ = {
			isa = PBXSourcesBuildPhase;
			buildActionMask = 2147483647;
			files = (
				F59A27BF192D8429005304CE /* ScoreKeeperTests.m in Sources */,
			);
			runOnlyForDeploymentPostprocessing = 0;
		};
/* End PBXSourcesBuildPhase section */

/* Begin PBXTargetDependency section */
		F59A27B7192D8429005304CE /* PBXTargetDependency */ = {
			isa = PBXTargetDependency;
			target = F59A2795192D8429005304CE /* ScoreKeeper */;
			targetProxy = F59A27B6192D8429005304CE /* PBXContainerItemProxy */;
		};
/* End PBXTargetDependency section */

/* Begin PBXVariantGroup section */
		F59A27A2192D8429005304CE /* InfoPlist.strings */ = {
			isa = PBXVariantGroup;
			children = (
				F59A27A3192D8429005304CE /* en */,
			);
			name = InfoPlist.strings;
			sourceTree = "<group>";
		};
		F59A27BB192D8429005304CE /* InfoPlist.strings */ = {
			isa = PBXVariantGroup;
			children = (
				F59A27BC192D8429005304CE /* en */,
			);
			name = InfoPlist.strings;
			sourceTree = "<group>";
		};
/* End PBXVariantGroup section */

/* Begin XCBuildConfiguration section */
		F59A27C0192D8429005304CE /* Debug */ = {
			isa = XCBuildConfiguration;
			buildSettings = {
				ALWAYS_SEARCH_USER_PATHS = NO;
				CLANG_CXX_LANGUAGE_STANDARD = "gnu++0x";
				CLANG_CXX_LIBRARY = "libc++";
				CLANG_ENABLE_MODULES = YES;
				CLANG_ENABLE_OBJC_ARC = YES;
				CLANG_WARN_BOOL_CONVERSION = YES;
				CLANG_WARN_CONSTANT_CONVERSION = YES;
				CLANG_WARN_DIRECT_OBJC_ISA_USAGE = YES_ERROR;
				CLANG_WARN_EMPTY_BODY = YES;
				CLANG_WARN_ENUM_CONVERSION = YES;
				CLANG_WARN_INT_CONVERSION = YES;
				CLANG_WARN_OBJC_ROOT_CLASS = YES_ERROR;
				CLANG_WARN__DUPLICATE_METHOD_MATCH = YES;
				"CODE_SIGN_IDENTITY[sdk=iphoneos*]" = "iPhone Developer";
				COPY_PHASE_STRIP = NO;
				GCC_C_LANGUAGE_STANDARD = gnu99;
				GCC_DYNAMIC_NO_PIC = NO;
				GCC_OPTIMIZATION_LEVEL = 0;
				GCC_PREPROCESSOR_DEFINITIONS = (
					"DEBUG=1",
					"$(inherited)",
				);
				GCC_SYMBOLS_PRIVATE_EXTERN = NO;
				GCC_WARN_64_TO_32_BIT_CONVERSION = YES;
				GCC_WARN_ABOUT_RETURN_TYPE = YES_ERROR;
				GCC_WARN_UNDECLARED_SELECTOR = YES;
				GCC_WARN_UNINITIALIZED_AUTOS = YES_AGGRESSIVE;
				GCC_WARN_UNUSED_FUNCTION = YES;
				GCC_WARN_UNUSED_VARIABLE = YES;
				IPHONEOS_DEPLOYMENT_TARGET = 7.1;
				ONLY_ACTIVE_ARCH = YES;
				SDKROOT = iphoneos;
			};
			name = Debug;
		};
		F59A27C1192D8429005304CE /* Release */ = {
			isa = XCBuildConfiguration;
			buildSettings = {
				ALWAYS_SEARCH_USER_PATHS = NO;
				CLANG_CXX_LANGUAGE_STANDARD = "gnu++0x";
				CLANG_CXX_LIBRARY = "libc++";
				CLANG_ENABLE_MODULES = YES;
				CLANG_ENABLE_OBJC_ARC = YES;
				CLANG_WARN_BOOL_CONVERSION = YES;
				CLANG_WARN_CONSTANT_CONVERSION = YES;
				CLANG_WARN_DIRECT_OBJC_ISA_USAGE = YES_ERROR;
				CLANG_WARN_EMPTY_BODY = YES;
				CLANG_WARN_ENUM_CONVERSION = YES;
				CLANG_WARN_INT_CONVERSION = YES;
				CLANG_WARN_OBJC_ROOT_CLASS = YES_ERROR;
				CLANG_WARN__DUPLICATE_METHOD_MATCH = YES;
				"CODE_SIGN_IDENTITY[sdk=iphoneos*]" = "iPhone Developer";
				COPY_PHASE_STRIP = YES;
				ENABLE_NS_ASSERTIONS = NO;
				GCC_C_LANGUAGE_STANDARD = gnu99;
				GCC_WARN_64_TO_32_BIT_CONVERSION = YES;
				GCC_WARN_ABOUT_RETURN_TYPE = YES_ERROR;
				GCC_WARN_UNDECLARED_SELECTOR = YES;
				GCC_WARN_UNINITIALIZED_AUTOS = YES_AGGRESSIVE;
				GCC_WARN_UNUSED_FUNCTION = YES;
				GCC_WARN_UNUSED_VARIABLE = YES;
				IPHONEOS_DEPLOYMENT_TARGET = 7.1;
				SDKROOT = iphoneos;
				VALIDATE_PRODUCT = YES;
			};
			name = Release;
		};
		F59A27C3192D8429005304CE /* Debug */ = {
			isa = XCBuildConfiguration;
			buildSettings = {
				ASSETCATALOG_COMPILER_APPICON_NAME = AppIcon;
				ASSETCATALOG_COMPILER_LAUNCHIMAGE_NAME = LaunchImage;
				GCC_PRECOMPILE_PREFIX_HEADER = YES;
				GCC_PREFIX_HEADER = "ScoreKeeper/ScoreKeeper-Prefix.pch";
				INFOPLIST_FILE = "ScoreKeeper/ScoreKeeper-Info.plist";
				PRODUCT_NAME = "$(TARGET_NAME)";
				WRAPPER_EXTENSION = app;
			};
			name = Debug;
		};
		F59A27C4192D8429005304CE /* Release */ = {
			isa = XCBuildConfiguration;
			buildSettings = {
				ASSETCATALOG_COMPILER_APPICON_NAME = AppIcon;
				ASSETCATALOG_COMPILER_LAUNCHIMAGE_NAME = LaunchImage;
				GCC_PRECOMPILE_PREFIX_HEADER = YES;
				GCC_PREFIX_HEADER = "ScoreKeeper/ScoreKeeper-Prefix.pch";
				INFOPLIST_FILE = "ScoreKeeper/ScoreKeeper-Info.plist";
				PRODUCT_NAME = "$(TARGET_NAME)";
				WRAPPER_EXTENSION = app;
			};
			name = Release;
		};
		F59A27C6192D8429005304CE /* Debug */ = {
			isa = XCBuildConfiguration;
			buildSettings = {
				BUNDLE_LOADER = "$(BUILT_PRODUCTS_DIR)/ScoreKeeper.app/ScoreKeeper";
				FRAMEWORK_SEARCH_PATHS = (
					"$(SDKROOT)/Developer/Library/Frameworks",
					"$(inherited)",
					"$(DEVELOPER_FRAMEWORKS_DIR)",
				);
				GCC_PRECOMPILE_PREFIX_HEADER = YES;
				GCC_PREFIX_HEADER = "ScoreKeeper/ScoreKeeper-Prefix.pch";
				GCC_PREPROCESSOR_DEFINITIONS = (
					"DEBUG=1",
					"$(inherited)",
				);
				INFOPLIST_FILE = "ScoreKeeperTests/ScoreKeeperTests-Info.plist";
				PRODUCT_NAME = "$(TARGET_NAME)";
				TEST_HOST = "$(BUNDLE_LOADER)";
				WRAPPER_EXTENSION = xctest;
			};
			name = Debug;
		};
		F59A27C7192D8429005304CE /* Release */ = {
			isa = XCBuildConfiguration;
			buildSettings = {
				BUNDLE_LOADER = "$(BUILT_PRODUCTS_DIR)/ScoreKeeper.app/ScoreKeeper";
				FRAMEWORK_SEARCH_PATHS = (
					"$(SDKROOT)/Developer/Library/Frameworks",
					"$(inherited)",
					"$(DEVELOPER_FRAMEWORKS_DIR)",
				);
				GCC_PRECOMPILE_PREFIX_HEADER = YES;
				GCC_PREFIX_HEADER = "ScoreKeeper/ScoreKeeper-Prefix.pch";
				INFOPLIST_FILE = "ScoreKeeperTests/ScoreKeeperTests-Info.plist";
				PRODUCT_NAME = "$(TARGET_NAME)";
				TEST_HOST = "$(BUNDLE_LOADER)";
				WRAPPER_EXTENSION = xctest;
			};
			name = Release;
		};
/* End XCBuildConfiguration section */

/* Begin XCConfigurationList section */
		F59A2791192D8429005304CE /* Build configuration list for PBXProject "ScoreKeeper" */ = {
			isa = XCConfigurationList;
			buildConfigurations = (
				F59A27C0192D8429005304CE /* Debug */,
				F59A27C1192D8429005304CE /* Release */,
			);
			defaultConfigurationIsVisible = 0;
			defaultConfigurationName = Release;
		};
		F59A27C2192D8429005304CE /* Build configuration list for PBXNativeTarget "ScoreKeeper" */ = {
			isa = XCConfigurationList;
			buildConfigurations = (
				F59A27C3192D8429005304CE /* Debug */,
				F59A27C4192D8429005304CE /* Release */,
			);
			defaultConfigurationIsVisible = 0;
		};
		F59A27C5192D8429005304CE /* Build configuration list for PBXNativeTarget "ScoreKeeperTests" */ = {
			isa = XCConfigurationList;
			buildConfigurations = (
				F59A27C6192D8429005304CE /* Debug */,
				F59A27C7192D8429005304CE /* Release */,
			);
			defaultConfigurationIsVisible = 0;
		};
/* End XCConfigurationList section */
	};
	rootObject = F59A278E192D8429005304CE /* Project object */;
}
